// !$*UTF8*$!
{
	archiveVersion = 1;
	classes = {
	};
	objectVersion = 46;
	objects = {

/* Begin PBXBuildFile section */
		638FE15F1A5CE887009949D0 /* AppDelegate.swift in Sources */ = {isa = PBXBuildFile; fileRef = 638FE15E1A5CE887009949D0 /* AppDelegate.swift */; };
		638FE1611A5CE887009949D0 /* ViewController.swift in Sources */ = {isa = PBXBuildFile; fileRef = 638FE1601A5CE887009949D0 /* ViewController.swift */; };
		638FE1641A5CE887009949D0 /* Main.storyboard in Resources */ = {isa = PBXBuildFile; fileRef = 638FE1621A5CE887009949D0 /* Main.storyboard */; };
		638FE1661A5CE887009949D0 /* Images.xcassets in Resources */ = {isa = PBXBuildFile; fileRef = 638FE1651A5CE887009949D0 /* Images.xcassets */; };
		638FE1691A5CE887009949D0 /* LaunchScreen.xib in Resources */ = {isa = PBXBuildFile; fileRef = 638FE1671A5CE887009949D0 /* LaunchScreen.xib */; };
		638FE1751A5CE887009949D0 /* PostcardTests.swift in Sources */ = {isa = PBXBuildFile; fileRef = 638FE1741A5CE887009949D0 /* PostcardTests.swift */; };
		638FE17F1A5E3A63009949D0 /* SagradaFamilia.jpeg in Resources */ = {isa = PBXBuildFile; fileRef = 638FE17E1A5E3A62009949D0 /* SagradaFamilia.jpeg */; };
		638FE1811A5E4244009949D0 /* AlbertEinsteinStamp.jpg in Resources */ = {isa = PBXBuildFile; fileRef = 638FE1801A5E4244009949D0 /* AlbertEinsteinStamp.jpg */; };
/* End PBXBuildFile section */

/* Begin PBXContainerItemProxy section */
		638FE16F1A5CE887009949D0 /* PBXContainerItemProxy */ = {
			isa = PBXContainerItemProxy;
			containerPortal = 638FE1511A5CE887009949D0 /* Project object */;
			proxyType = 1;
			remoteGlobalIDString = 638FE1581A5CE887009949D0;
			remoteInfo = Postcard;
		};
/* End PBXContainerItemProxy section */

/* Begin PBXFileReference section */
		638FE1591A5CE887009949D0 /* Postcard.app */ = {isa = PBXFileReference; explicitFileType = wrapper.application; includeInIndex = 0; path = Postcard.app; sourceTree = BUILT_PRODUCTS_DIR; };
		638FE15D1A5CE887009949D0 /* Info.plist */ = {isa = PBXFileReference; lastKnownFileType = text.plist.xml; path = Info.plist; sourceTree = "<group>"; };
		638FE15E1A5CE887009949D0 /* AppDelegate.swift */ = {isa = PBXFileReference; lastKnownFileType = sourcecode.swift; path = AppDelegate.swift; sourceTree = "<group>"; };
		638FE1601A5CE887009949D0 /* ViewController.swift */ = {isa = PBXFileReference; lastKnownFileType = sourcecode.swift; path = ViewController.swift; sourceTree = "<group>"; };
		638FE1631A5CE887009949D0 /* Base */ = {isa = PBXFileReference; lastKnownFileType = file.storyboard; name = Base; path = Base.lproj/Main.storyboard; sourceTree = "<group>"; };
		638FE1651A5CE887009949D0 /* Images.xcassets */ = {isa = PBXFileReference; lastKnownFileType = folder.assetcatalog; path = Images.xcassets; sourceTree = "<group>"; };
		638FE1681A5CE887009949D0 /* Base */ = {isa = PBXFileReference; lastKnownFileType = file.xib; name = Base; path = Base.lproj/LaunchScreen.xib; sourceTree = "<group>"; };
		638FE16E1A5CE887009949D0 /* PostcardTests.xctest */ = {isa = PBXFileReference; explicitFileType = wrapper.cfbundle; includeInIndex = 0; path = PostcardTests.xctest; sourceTree = BUILT_PRODUCTS_DIR; };
		638FE1731A5CE887009949D0 /* Info.plist */ = {isa = PBXFileReference; lastKnownFileType = text.plist.xml; path = Info.plist; sourceTree = "<group>"; };
		638FE1741A5CE887009949D0 /* PostcardTests.swift */ = {isa = PBXFileReference; lastKnownFileType = sourcecode.swift; path = PostcardTests.swift; sourceTree = "<group>"; };
		638FE17E1A5E3A62009949D0 /* SagradaFamilia.jpeg */ = {isa = PBXFileReference; lastKnownFileType = image.jpeg; path = SagradaFamilia.jpeg; sourceTree = "<group>"; };
		638FE1801A5E4244009949D0 /* AlbertEinsteinStamp.jpg */ = {isa = PBXFileReference; lastKnownFileType = image.jpeg; path = AlbertEinsteinStamp.jpg; sourceTree = "<group>"; };
/* End PBXFileReference section */

/* Begin PBXFrameworksBuildPhase section */
		638FE1561A5CE887009949D0 /* Frameworks */ = {
			isa = PBXFrameworksBuildPhase;
			buildActionMask = 2147483647;
			files = (
			);
			runOnlyForDeploymentPostprocessing = 0;
		};
		638FE16B1A5CE887009949D0 /* Frameworks */ = {
			isa = PBXFrameworksBuildPhase;
			buildActionMask = 2147483647;
			files = (
			);
			runOnlyForDeploymentPostprocessing = 0;
		};
/* End PBXFrameworksBuildPhase section */

/* Begin PBXGroup section */
		638FE1501A5CE887009949D0 = {
			isa = PBXGroup;
			children = (
				638FE15B1A5CE887009949D0 /* Postcard */,
				638FE1711A5CE887009949D0 /* PostcardTests */,
				638FE15A1A5CE887009949D0 /* Products */,
			);
			sourceTree = "<group>";
		};
		638FE15A1A5CE887009949D0 /* Products */ = {
			isa = PBXGroup;
			children = (
				638FE1591A5CE887009949D0 /* Postcard.app */,
				638FE16E1A5CE887009949D0 /* PostcardTests.xctest */,
			);
			name = Products;
			sourceTree = "<group>";
		};
		638FE15B1A5CE887009949D0 /* Postcard */ = {
			isa = PBXGroup;
			children = (
				638FE15E1A5CE887009949D0 /* AppDelegate.swift */,
				638FE1601A5CE887009949D0 /* ViewController.swift */,
				638FE1621A5CE887009949D0 /* Main.storyboard */,
				638FE1651A5CE887009949D0 /* Images.xcassets */,
				638FE1671A5CE887009949D0 /* LaunchScreen.xib */,
				638FE15C1A5CE887009949D0 /* Supporting Files */,
			);
			path = Postcard;
			sourceTree = "<group>";
		};
		638FE15C1A5CE887009949D0 /* Supporting Files */ = {
			isa = PBXGroup;
			children = (
				638FE1801A5E4244009949D0 /* AlbertEinsteinStamp.jpg */,
				638FE17E1A5E3A62009949D0 /* SagradaFamilia.jpeg */,
				638FE15D1A5CE887009949D0 /* Info.plist */,
			);
			name = "Supporting Files";
			sourceTree = "<group>";
		};
		638FE1711A5CE887009949D0 /* PostcardTests */ = {
			isa = PBXGroup;
			children = (
				638FE1741A5CE887009949D0 /* PostcardTests.swift */,
				638FE1721A5CE887009949D0 /* Supporting Files */,
			);
			path = PostcardTests;
			sourceTree = "<group>";
		};
		638FE1721A5CE887009949D0 /* Supporting Files */ = {
			isa = PBXGroup;
			children = (
				638FE1731A5CE887009949D0 /* Info.plist */,
			);
			name = "Supporting Files";
			sourceTree = "<group>";
		};
/* End PBXGroup section */

/* Begin PBXNativeTarget section */
		638FE1581A5CE887009949D0 /* Postcard */ = {
			isa = PBXNativeTarget;
			buildConfigurationList = 638FE1781A5CE887009949D0 /* Build configuration list for PBXNativeTarget "Postcard" */;
			buildPhases = (
				638FE1551A5CE887009949D0 /* Sources */,
				638FE1561A5CE887009949D0 /* Frameworks */,
				638FE1571A5CE887009949D0 /* Resources */,
			);
			buildRules = (
			);
			dependencies = (
			);
			name = Postcard;
			productName = Postcard;
			productReference = 638FE1591A5CE887009949D0 /* Postcard.app */;
			productType = "com.apple.product-type.application";
		};
		638FE16D1A5CE887009949D0 /* PostcardTests */ = {
			isa = PBXNativeTarget;
			buildConfigurationList = 638FE17B1A5CE887009949D0 /* Build configuration list for PBXNativeTarget "PostcardTests" */;
			buildPhases = (
				638FE16A1A5CE887009949D0 /* Sources */,
				638FE16B1A5CE887009949D0 /* Frameworks */,
				638FE16C1A5CE887009949D0 /* Resources */,
			);
			buildRules = (
			);
			dependencies = (
				638FE1701A5CE887009949D0 /* PBXTargetDependency */,
			);
			name = PostcardTests;
			productName = PostcardTests;
			productReference = 638FE16E1A5CE887009949D0 /* PostcardTests.xctest */;
			productType = "com.apple.product-type.bundle.unit-test";
		};
/* End PBXNativeTarget section */

/* Begin PBXProject section */
		638FE1511A5CE887009949D0 /* Project object */ = {
			isa = PBXProject;
			attributes = {
				LastUpgradeCheck = 0610;
				ORGANIZATIONNAME = "Robert THIBAULT";
				TargetAttributes = {
					638FE1581A5CE887009949D0 = {
						CreatedOnToolsVersion = 6.1.1;
					};
					638FE16D1A5CE887009949D0 = {
						CreatedOnToolsVersion = 6.1.1;
						TestTargetID = 638FE1581A5CE887009949D0;
					};
				};
			};
			buildConfigurationList = 638FE1541A5CE887009949D0 /* Build configuration list for PBXProject "Postcard" */;
			compatibilityVersion = "Xcode 3.2";
			developmentRegion = English;
			hasScannedForEncodings = 0;
			knownRegions = (
				en,
				Base,
			);
			mainGroup = 638FE1501A5CE887009949D0;
			productRefGroup = 638FE15A1A5CE887009949D0 /* Products */;
			projectDirPath = "";
			projectRoot = "";
			targets = (
				638FE1581A5CE887009949D0 /* Postcard */,
				638FE16D1A5CE887009949D0 /* PostcardTests */,
			);
		};
/* End PBXProject section */

/* Begin PBXResourcesBuildPhase section */
		638FE1571A5CE887009949D0 /* Resources */ = {
			isa = PBXResourcesBuildPhase;
			buildActionMask = 2147483647;
			files = (
				638FE1641A5CE887009949D0 /* Main.storyboard in Resources */,
				638FE17F1A5E3A63009949D0 /* SagradaFamilia.jpeg in Resources */,
				638FE1811A5E4244009949D0 /* AlbertEinsteinStamp.jpg in Resources */,
				638FE1691A5CE887009949D0 /* LaunchScreen.xib in Resources */,
				638FE1661A5CE887009949D0 /* Images.xcassets in Resources */,
			);
			runOnlyForDeploymentPostprocessing = 0;
		};
		638FE16C1A5CE887009949D0 /* Resources */ = {
			isa = PBXResourcesBuildPhase;
			buildActionMask = 2147483647;
			files = (
			);
			runOnlyForDeploymentPostprocessing = 0;
		};
/* End PBXResourcesBuildPhase section */

/* Begin PBXSourcesBuildPhase section */
		638FE1551A5CE887009949D0 /* Sources */ = {
			isa = PBXSourcesBuildPhase;
			buildActionMask = 2147483647;
			files = (
				638FE1611A5CE887009949D0 /* ViewController.swift in Sources */,
				638FE15F1A5CE887009949D0 /* AppDelegate.swift in Sources */,
			);
			runOnlyForDeploymentPostprocessing = 0;
		};
		638FE16A1A5CE887009949D0 /* Sources */ = {
			isa = PBXSourcesBuildPhase;
			buildActionMask = 2147483647;
			files = (
				638FE1751A5CE887009949D0 /* PostcardTests.swift in Sources */,
			);
			runOnlyForDeploymentPostprocessing = 0;
		};
/* End PBXSourcesBuildPhase section */

/* Begin PBXTargetDependency section */
		638FE1701A5CE887009949D0 /* PBXTargetDependency */ = {
			isa = PBXTargetDependency;
			target = 638FE1581A5CE887009949D0 /* Postcard */;
			targetProxy = 638FE16F1A5CE887009949D0 /* PBXContainerItemProxy */;
		};
/* End PBXTargetDependency section */

/* Begin PBXVariantGroup section */
		638FE1621A5CE887009949D0 /* Main.storyboard */ = {
			isa = PBXVariantGroup;
			children = (
				638FE1631A5CE887009949D0 /* Base */,
			);
			name = Main.storyboard;
			sourceTree = "<group>";
		};
		638FE1671A5CE887009949D0 /* LaunchScreen.xib */ = {
			isa = PBXVariantGroup;
			children = (
				638FE1681A5CE887009949D0 /* Base */,
			);
			name = LaunchScreen.xib;
			sourceTree = "<group>";
		};
/* End PBXVariantGroup section */

/* Begin XCBuildConfiguration section */
		638FE1761A5CE887009949D0 /* Debug */ = {
			isa = XCBuildConfiguration;
			buildSettings = {
				ALWAYS_SEARCH_USER_PATHS = NO;
				CLANG_CXX_LANGUAGE_STANDARD = "gnu++0x";
				CLANG_CXX_LIBRARY = "libc++";
				CLANG_ENABLE_MODULES = YES;
				CLANG_ENABLE_OBJC_ARC = YES;
				CLANG_WARN_BOOL_CONVERSION = YES;
				CLANG_WARN_CONSTANT_CONVERSION = YES;
				CLANG_WARN_DIRECT_OBJC_ISA_USAGE = YES_ERROR;
				CLANG_WARN_EMPTY_BODY = YES;
				CLANG_WARN_ENUM_CONVERSION = YES;
				CLANG_WARN_INT_CONVERSION = YES;
				CLANG_WARN_OBJC_ROOT_CLASS = YES_ERROR;
				CLANG_WARN_UNREACHABLE_CODE = YES;
				CLANG_WARN__DUPLICATE_METHOD_MATCH = YES;
				"CODE_SIGN_IDENTITY[sdk=iphoneos*]" = "iPhone Developer";
				COPY_PHASE_STRIP = NO;
				ENABLE_STRICT_OBJC_MSGSEND = YES;
				GCC_C_LANGUAGE_STANDARD = gnu99;
				GCC_DYNAMIC_NO_PIC = NO;
				GCC_OPTIMIZATION_LEVEL = 0;
				GCC_PREPROCESSOR_DEFINITIONS = (
					"DEBUG=1",
					"$(inherited)",
				);
				GCC_SYMBOLS_PRIVATE_EXTERN = NO;
				GCC_WARN_64_TO_32_BIT_CONVERSION = YES;
				GCC_WARN_ABOUT_RETURN_TYPE = YES_ERROR;
				GCC_WARN_UNDECLARED_SELECTOR = YES;
				GCC_WARN_UNINITIALIZED_AUTOS = YES_AGGRESSIVE;
				GCC_WARN_UNUSED_FUNCTION = YES;
				GCC_WARN_UNUSED_VARIABLE = YES;
				IPHONEOS_DEPLOYMENT_TARGET = 8.1;
				MTL_ENABLE_DEBUG_INFO = YES;
				ONLY_ACTIVE_ARCH = YES;
				SDKROOT = iphoneos;
				SWIFT_OPTIMIZATION_LEVEL = "-Onone";
				TARGETED_DEVICE_FAMILY = "1,2";
			};
			name = Debug;
		};
		638FE1771A5CE887009949D0 /* Release */ = {
			isa = XCBuildConfiguration;
			buildSettings = {
				ALWAYS_SEARCH_USER_PATHS = NO;
				CLANG_CXX_LANGUAGE_STANDARD = "gnu++0x";
				CLANG_CXX_LIBRARY = "libc++";
				CLANG_ENABLE_MODULES = YES;
				CLANG_ENABLE_OBJC_ARC = YES;
				CLANG_WARN_BOOL_CONVERSION = YES;
				CLANG_WARN_CONSTANT_CONVERSION = YES;
				CLANG_WARN_DIRECT_OBJC_ISA_USAGE = YES_ERROR;
				CLANG_WARN_EMPTY_BODY = YES;
				CLANG_WARN_ENUM_CONVERSION = YES;
				CLANG_WARN_INT_CONVERSION = YES;
				CLANG_WARN_OBJC_ROOT_CLASS = YES_ERROR;
				CLANG_WARN_UNREACHABLE_CODE = YES;
				CLANG_WARN__DUPLICATE_METHOD_MATCH = YES;
				"CODE_SIGN_IDENTITY[sdk=iphoneos*]" = "iPhone Developer";
				COPY_PHASE_STRIP = YES;
				ENABLE_NS_ASSERTIONS = NO;
				ENABLE_STRICT_OBJC_MSGSEND = YES;
				GCC_C_LANGUAGE_STANDARD = gnu99;
				GCC_WARN_64_TO_32_BIT_CONVERSION = YES;
				GCC_WARN_ABOUT_RETURN_TYPE = YES_ERROR;
				GCC_WARN_UNDECLARED_SELECTOR = YES;
				GCC_WARN_UNINITIALIZED_AUTOS = YES_AGGRESSIVE;
				GCC_WARN_UNUSED_FUNCTION = YES;
				GCC_WARN_UNUSED_VARIABLE = YES;
				IPHONEOS_DEPLOYMENT_TARGET = 8.1;
				MTL_ENABLE_DEBUG_INFO = NO;
				SDKROOT = iphoneos;
				TARGETED_DEVICE_FAMILY = "1,2";
				VALIDATE_PRODUCT = YES;
			};
			name = Release;
		};
		638FE1791A5CE887009949D0 /* Debug */ = {
			isa = XCBuildConfiguration;
			buildSettings = {
				ASSETCATALOG_COMPILER_APPICON_NAME = AppIcon;
				INFOPLIST_FILE = Postcard/Info.plist;
				LD_RUNPATH_SEARCH_PATHS = "$(inherited) @executable_path/Frameworks";
				PRODUCT_NAME = "$(TARGET_NAME)";
			};
			name = Debug;
		};
		638FE17A1A5CE887009949D0 /* Release */ = {
			isa = XCBuildConfiguration;
			buildSettings = {
				ASSETCATALOG_COMPILER_APPICON_NAME = AppIcon;
				INFOPLIST_FILE = Postcard/Info.plist;
				LD_RUNPATH_SEARCH_PATHS = "$(inherited) @executable_path/Frameworks";
				PRODUCT_NAME = "$(TARGET_NAME)";
			};
			name = Release;
		};
		638FE17C1A5CE887009949D0 /* Debug */ = {
			isa = XCBuildConfiguration;
			buildSettings = {
				BUNDLE_LOADER = "$(TEST_HOST)";
				FRAMEWORK_SEARCH_PATHS = (
					"$(SDKROOT)/Developer/Library/Frameworks",
					"$(inherited)",
				);
				GCC_PREPROCESSOR_DEFINITIONS = (
					"DEBUG=1",
					"$(inherited)",
				);
				INFOPLIST_FILE = PostcardTests/Info.plist;
				LD_RUNPATH_SEARCH_PATHS = "$(inherited) @executable_path/Frameworks @loader_path/Frameworks";
				PRODUCT_NAME = "$(TARGET_NAME)";
				TEST_HOST = "$(BUILT_PRODUCTS_DIR)/Postcard.app/Postcard";
			};
			name = Debug;
		};
		638FE17D1A5CE887009949D0 /* Release */ = {
			isa = XCBuildConfiguration;
			buildSettings = {
				BUNDLE_LOADER = "$(TEST_HOST)";
				FRAMEWORK_SEARCH_PATHS = (
					"$(SDKROOT)/Developer/Library/Frameworks",
					"$(inherited)",
				);
				INFOPLIST_FILE = PostcardTests/Info.plist;
				LD_RUNPATH_SEARCH_PATHS = "$(inherited) @executable_path/Frameworks @loader_path/Frameworks";
				PRODUCT_NAME = "$(TARGET_NAME)";
				TEST_HOST = "$(BUILT_PRODUCTS_DIR)/Postcard.app/Postcard";
			};
			name = Release;
		};
/* End XCBuildConfiguration section */

/* Begin XCConfigurationList section */
		638FE1541A5CE887009949D0 /* Build configuration list for PBXProject "Postcard" */ = {
			isa = XCConfigurationList;
			buildConfigurations = (
				638FE1761A5CE887009949D0 /* Debug */,
				638FE1771A5CE887009949D0 /* Release */,
			);
			defaultConfigurationIsVisible = 0;
			defaultConfigurationName = Release;
		};
		638FE1781A5CE887009949D0 /* Build configuration list for PBXNativeTarget "Postcard" */ = {
			isa = XCConfigurationList;
			buildConfigurations = (
				638FE1791A5CE887009949D0 /* Debug */,
				638FE17A1A5CE887009949D0 /* Release */,
			);
			defaultConfigurationIsVisible = 0;
			defaultConfigurationName = Release;
		};
		638FE17B1A5CE887009949D0 /* Build configuration list for PBXNativeTarget "PostcardTests" */ = {
			isa = XCConfigurationList;
			buildConfigurations = (
				638FE17C1A5CE887009949D0 /* Debug */,
				638FE17D1A5CE887009949D0 /* Release */,
			);
			defaultConfigurationIsVisible = 0;
			defaultConfigurationName = Release;
		};
/* End XCConfigurationList section */
	};
	rootObject = 638FE1511A5CE887009949D0 /* Project object */;
}
